Microsoft Visual Studio Solution File, Format Version 12.00
# Visual Studio Version 17
VisualStudioVersion = 17.5.2.0
MinimumVisualStudioVersion = 10.0.40219.1
Project("{2150E333-8FDC-42A3-9474-1A3956D46DE8}") = "app", "app", "{F95F473B-E98A-ACD6-1986-755F447BE36F}"
EndProject
Project("{FAE04EC0-301F-11D3-BF4B-00C04F79EFBC}") = "api", "app\api\api.csproj", "{268011E1-3F40-A7D8-4D01-74EA73F0F237}"
EndProject
Global
	GlobalSection(SolutionConfigurationPlatforms) = preSolution
		Debug|Any CPU = Debug|Any CPU
		Release|Any CPU = Release|Any CPU
	EndGlobalSection
	GlobalSection(ProjectConfigurationPlatforms) = postSolution
		{268011E1-3F40-A7D8-4D01-74EA73F0F237}.Debug|Any CPU.ActiveCfg = Debug|Any CPU
		{268011E1-3F40-A7D8-4D01-74EA73F0F237}.Debug|Any CPU.Build.0 = Debug|Any CPU
		{268011E1-3F40-A7D8-4D01-74EA73F0F237}.Release|Any CPU.ActiveCfg = Release|Any CPU
		{268011E1-3F40-A7D8-4D01-74EA73F0F237}.Release|Any CPU.Build.0 = Release|Any CPU
	EndGlobalSection
	GlobalSection(SolutionProperties) = preSolution
		HideSolutionNode = FALSE
	EndGlobalSection
	GlobalSection(NestedProjects) = preSolution
		{268011E1-3F40-A7D8-4D01-74EA73F0F237} = {F95F473B-E98A-ACD6-1986-755F447BE36F}
	EndGlobalSection
	GlobalSection(ExtensibilityGlobals) = postSolution
		SolutionGuid = {1EFA539E-1A89-4E0A-B0A2-5A0D238E008B}
	EndGlobalSection
EndGlobal
