Microsoft Visual Studio Solution File, Format Version 12.00
# Visual Studio Version 17
VisualStudioVersion = 17.5.2.0
MinimumVisualStudioVersion = 10.0.40219.1
Project("{FAE04EC0-301F-11D3-BF4B-00C04F79EFBC}") = "LogHopper", "LogHopper.csproj", "{01DF581C-3BD7-65FA-2B38-58CC04B7CE3D}"
EndProject
Global
	GlobalSection(SolutionConfigurationPlatforms) = preSolution
		Debug|Any CPU = Debug|Any CPU
		Release|Any CPU = Release|Any CPU
	EndGlobalSection
	GlobalSection(ProjectConfigurationPlatforms) = postSolution
		{01DF581C-3BD7-65FA-2B38-58CC04B7CE3D}.Debug|Any CPU.ActiveCfg = Debug|Any CPU
		{01DF581C-3BD7-65FA-2B38-58CC04B7CE3D}.Debug|Any CPU.Build.0 = Debug|Any CPU
		{01DF581C-3BD7-65FA-2B38-58CC04B7CE3D}.Release|Any CPU.ActiveCfg = Release|Any CPU
		{01DF581C-3BD7-65FA-2B38-58CC04B7CE3D}.Release|Any CPU.Build.0 = Release|Any CPU
	EndGlobalSection
	GlobalSection(SolutionProperties) = preSolution
		HideSolutionNode = FALSE
	EndGlobalSection
	GlobalSection(ExtensibilityGlobals) = postSolution
		SolutionGuid = {755F019D-B1B0-40BE-9D08-06CA88AFCC35}
	EndGlobalSection
EndGlobal
